PODS:
  - Bolts/Tasks (1.4.0)
  - Kingfisher (1.7.1)
  - Parse (1.9.1):
    - Bolts/Tasks (>= 1.4.0)

DEPENDENCIES:
  - Kingfisher
  - Parse

SPEC CHECKSUMS:
  Bolts: 0e9bce58b9b9f5e8a7a4d47b16d2fabec289072b
  Kingfisher: c65d078cfc202639f2b6ddd49f09f742cef8781a
  Parse: 54a965c8c19a6dde90284ab654dbcc77ef8c001b

COCOAPODS: 0.39.0
